github.com/samarkanov/khanty-app v0.0.0-20200929114621-2721e86ac09f h1:7Gfk4cdBdjOHCjqHqp6c/L54LBRdjx7vppLqzg+dAD8=
github.com/samarkanov/khanty-app v0.0.0-20200929123049-5bacd201e923 h1:hrCUtWHp+IE/4SMHVoNphICKTVTcugKV7pkMYIafyQc=
github.com/samarkanov/khanty-app/utils v0.0.0-20200929114621-2721e86ac09f h1:bG0fIvLrzMzzCVc+kHFTlYjTAyoOLz+0BcfGReSLfis=
github.com/samarkanov/khanty-app/utils v0.0.0-20200929114621-2721e86ac09f/go.mod h1:XYfEPiM7iTWVyt90GD2W9rWidZ/aQRsvOjeYTAzAMJM=
github.com/samarkanov/khanty-app/utils v0.0.0-20200929115341-9b19c039b240 h1:+3Z6linISqpAWzW6NVNaYLeMTaNVwHDeYk52bM2TffM=
github.com/samarkanov/khanty-app/utils v0.0.0-20200929115341-9b19c039b240/go.mod h1:XYfEPiM7iTWVyt90GD2W9rWidZ/aQRsvOjeYTAzAMJM=
