github.com/samarkanov/khanty-app/utils v0.0.0-20200929115341-9b19c039b240/go.mod h1:XYfEPiM7iTWVyt90GD2W9rWidZ/aQRsvOjeYTAzAMJM=
github.com/samarkanov/khanty-app/utils v0.0.0-20200929191247-7d6d1201c47c h1:3BrCFI5r+Loncr+bpcTXUpkO8rYyp+b6Qac2h71ajUM=
github.com/samarkanov/khanty-app/utils v0.0.0-20200929191247-7d6d1201c47c/go.mod h1:XYfEPiM7iTWVyt90GD2W9rWidZ/aQRsvOjeYTAzAMJM=
